// !$*UTF8*$!
{
	archiveVersion = 1;
	classes = {
	};
	objectVersion = 51;
	objects = {

/* Begin PBXBuildFile section */
		908F5D117CE3DEC6AD602647 /* Pods_FireChat.framework in Frameworks */ = {isa = PBXBuildFile; fileRef = 41EB080EEB547F9D4A81C9B1 /* Pods_FireChat.framework */; };
		B1728EE72696297200C0E8D2 /* FireChatApp.swift in Sources */ = {isa = PBXBuildFile; fileRef = B1728EE62696297200C0E8D2 /* FireChatApp.swift */; };
		B1728EE92696297200C0E8D2 /* ContentView.swift in Sources */ = {isa = PBXBuildFile; fileRef = B1728EE82696297200C0E8D2 /* ContentView.swift */; };
		B1728EEB2696297300C0E8D2 /* Assets.xcassets in Resources */ = {isa = PBXBuildFile; fileRef = B1728EEA2696297300C0E8D2 /* Assets.xcassets */; };
		B1728EEE2696297300C0E8D2 /* Preview Assets.xcassets in Resources */ = {isa = PBXBuildFile; fileRef = B1728EED2696297300C0E8D2 /* Preview Assets.xcassets */; };
		B1728EF6269629D000C0E8D2 /* GoogleService-Info.plist in Resources */ = {isa = PBXBuildFile; fileRef = B1728EF5269629D000C0E8D2 /* GoogleService-Info.plist */; };
		B18EB6C52697417D006C2B3A /* SessionStore.swift in Sources */ = {isa = PBXBuildFile; fileRef = B18EB6C42697417D006C2B3A /* SessionStore.swift */; };
		B18EB6C7269741D8006C2B3A /* ChatroomsViewModel.swift in Sources */ = {isa = PBXBuildFile; fileRef = B18EB6C6269741D8006C2B3A /* ChatroomsViewModel.swift */; };
		B18EB6C926974206006C2B3A /* MessagesViewModel.swift in Sources */ = {isa = PBXBuildFile; fileRef = B18EB6C826974206006C2B3A /* MessagesViewModel.swift */; };
		B18EB6CE26983454006C2B3A /* Login.swift in Sources */ = {isa = PBXBuildFile; fileRef = B18EB6CD26983454006C2B3A /* Login.swift */; };
		B18EB6D32698350A006C2B3A /* FullwidthButton.swift in Sources */ = {isa = PBXBuildFile; fileRef = B18EB6D22698350A006C2B3A /* FullwidthButton.swift */; };
		B18EB6D5269835D8006C2B3A /* ChatList.swift in Sources */ = {isa = PBXBuildFile; fileRef = B18EB6D4269835D8006C2B3A /* ChatList.swift */; };
		B18EB6D726983D5C006C2B3A /* Join.swift in Sources */ = {isa = PBXBuildFile; fileRef = B18EB6D626983D5C006C2B3A /* Join.swift */; };
		B18EB6D926983DAD006C2B3A /* Messages.swift in Sources */ = {isa = PBXBuildFile; fileRef = B18EB6D826983DAD006C2B3A /* Messages.swift */; };
/* End PBXBuildFile section */

/* Begin PBXFileReference section */
		3895D1EC9F30883BCB308192 /* Pods-FireChat.release.xcconfig */ = {isa = PBXFileReference; includeInIndex = 1; lastKnownFileType = text.xcconfig; name = "Pods-FireChat.release.xcconfig"; path = "Target Support Files/Pods-FireChat/Pods-FireChat.release.xcconfig"; sourceTree = "<group>"; };
		41EB080EEB547F9D4A81C9B1 /* Pods_FireChat.framework */ = {isa = PBXFileReference; explicitFileType = wrapper.framework; includeInIndex = 0; path = Pods_FireChat.framework; sourceTree = BUILT_PRODUCTS_DIR; };
		6492D05B47CC529C391844D1 /* Pods-FireChat.debug.xcconfig */ = {isa = PBXFileReference; includeInIndex = 1; lastKnownFileType = text.xcconfig; name = "Pods-FireChat.debug.xcconfig"; path = "Target Support Files/Pods-FireChat/Pods-FireChat.debug.xcconfig"; sourceTree = "<group>"; };
		B1728EE32696297200C0E8D2 /* FireChat.app */ = {isa = PBXFileReference; explicitFileType = wrapper.application; includeInIndex = 0; path = FireChat.app; sourceTree = BUILT_PRODUCTS_DIR; };
		B1728EE62696297200C0E8D2 /* FireChatApp.swift */ = {isa = PBXFileReference; lastKnownFileType = sourcecode.swift; path = FireChatApp.swift; sourceTree = "<group>"; };
		B1728EE82696297200C0E8D2 /* ContentView.swift */ = {isa = PBXFileReference; lastKnownFileType = sourcecode.swift; path = ContentView.swift; sourceTree = "<group>"; };
		B1728EEA2696297300C0E8D2 /* Assets.xcassets */ = {isa = PBXFileReference; lastKnownFileType = folder.assetcatalog; path = Assets.xcassets; sourceTree = "<group>"; };
		B1728EED2696297300C0E8D2 /* Preview Assets.xcassets */ = {isa = PBXFileReference; lastKnownFileType = folder.assetcatalog; path = "Preview Assets.xcassets"; sourceTree = "<group>"; };
		B1728EEF2696297300C0E8D2 /* Info.plist */ = {isa = PBXFileReference; lastKnownFileType = text.plist.xml; path = Info.plist; sourceTree = "<group>"; };
		B1728EF5269629D000C0E8D2 /* GoogleService-Info.plist */ = {isa = PBXFileReference; fileEncoding = 4; lastKnownFileType = text.plist.xml; path = "GoogleService-Info.plist"; sourceTree = "<group>"; };
		B18EB6C42697417D006C2B3A /* SessionStore.swift */ = {isa = PBXFileReference; lastKnownFileType = sourcecode.swift; path = SessionStore.swift; sourceTree = "<group>"; };
		B18EB6C6269741D8006C2B3A /* ChatroomsViewModel.swift */ = {isa = PBXFileReference; lastKnownFileType = sourcecode.swift; path = ChatroomsViewModel.swift; sourceTree = "<group>"; };
		B18EB6C826974206006C2B3A /* MessagesViewModel.swift */ = {isa = PBXFileReference; lastKnownFileType = sourcecode.swift; path = MessagesViewModel.swift; sourceTree = "<group>"; };
		B18EB6CD26983454006C2B3A /* Login.swift */ = {isa = PBXFileReference; lastKnownFileType = sourcecode.swift; path = Login.swift; sourceTree = "<group>"; };
		B18EB6D22698350A006C2B3A /* FullwidthButton.swift */ = {isa = PBXFileReference; lastKnownFileType = sourcecode.swift; path = FullwidthButton.swift; sourceTree = "<group>"; };
		B18EB6D4269835D8006C2B3A /* ChatList.swift */ = {isa = PBXFileReference; lastKnownFileType = sourcecode.swift; path = ChatList.swift; sourceTree = "<group>"; };
		B18EB6D626983D5C006C2B3A /* Join.swift */ = {isa = PBXFileReference; lastKnownFileType = sourcecode.swift; path = Join.swift; sourceTree = "<group>"; };
		B18EB6D826983DAD006C2B3A /* Messages.swift */ = {isa = PBXFileReference; lastKnownFileType = sourcecode.swift; path = Messages.swift; sourceTree = "<group>"; };
/* End PBXFileReference section */

/* Begin PBXFrameworksBuildPhase section */
		B1728EE02696297200C0E8D2 /* Frameworks */ = {
			isa = PBXFrameworksBuildPhase;
			buildActionMask = 2147483647;
			files = (
				908F5D117CE3DEC6AD602647 /* Pods_FireChat.framework in Frameworks */,
			);
			runOnlyForDeploymentPostprocessing = 0;
		};
/* End PBXFrameworksBuildPhase section */

/* Begin PBXGroup section */
		26B0A0F05E2878143700EC00 /* Pods */ = {
			isa = PBXGroup;
			children = (
				6492D05B47CC529C391844D1 /* Pods-FireChat.debug.xcconfig */,
				3895D1EC9F30883BCB308192 /* Pods-FireChat.release.xcconfig */,
			);
			path = Pods;
			sourceTree = "<group>";
		};
		41DCCE2E0E3D9756AFB282DC /* Frameworks */ = {
			isa = PBXGroup;
			children = (
				41EB080EEB547F9D4A81C9B1 /* Pods_FireChat.framework */,
			);
			name = Frameworks;
			sourceTree = "<group>";
		};
		B1728EDA2696297200C0E8D2 = {
			isa = PBXGroup;
			children = (
				B1728EE52696297200C0E8D2 /* FireChat */,
				B1728EE42696297200C0E8D2 /* Products */,
				26B0A0F05E2878143700EC00 /* Pods */,
				41DCCE2E0E3D9756AFB282DC /* Frameworks */,
			);
			sourceTree = "<group>";
		};
		B1728EE42696297200C0E8D2 /* Products */ = {
			isa = PBXGroup;
			children = (
				B1728EE32696297200C0E8D2 /* FireChat.app */,
			);
			name = Products;
			sourceTree = "<group>";
		};
		B1728EE52696297200C0E8D2 /* FireChat */ = {
			isa = PBXGroup;
			children = (
				B18EB6D1269834CC006C2B3A /* Components */,
				B18EB6CA26974283006C2B3A /* Views */,
				B18EB6C326974115006C2B3A /* Utilities */,
				B1728EE62696297200C0E8D2 /* FireChatApp.swift */,
				B1728EE82696297200C0E8D2 /* ContentView.swift */,
				B1728EEA2696297300C0E8D2 /* Assets.xcassets */,
				B1728EEF2696297300C0E8D2 /* Info.plist */,
				B1728EF5269629D000C0E8D2 /* GoogleService-Info.plist */,
				B1728EEC2696297300C0E8D2 /* Preview Content */,
			);
			path = FireChat;
			sourceTree = "<group>";
		};
		B1728EEC2696297300C0E8D2 /* Preview Content */ = {
			isa = PBXGroup;
			children = (
				B1728EED2696297300C0E8D2 /* Preview Assets.xcassets */,
			);
			path = "Preview Content";
			sourceTree = "<group>";
		};
		B18EB6C326974115006C2B3A /* Utilities */ = {
			isa = PBXGroup;
			children = (
				B18EB6C42697417D006C2B3A /* SessionStore.swift */,
				B18EB6C6269741D8006C2B3A /* ChatroomsViewModel.swift */,
				B18EB6C826974206006C2B3A /* MessagesViewModel.swift */,
			);
			path = Utilities;
			sourceTree = "<group>";
		};
		B18EB6CA26974283006C2B3A /* Views */ = {
			isa = PBXGroup;
			children = (
				B18EB6CD26983454006C2B3A /* Login.swift */,
				B18EB6D4269835D8006C2B3A /* ChatList.swift */,
				B18EB6D626983D5C006C2B3A /* Join.swift */,
				B18EB6D826983DAD006C2B3A /* Messages.swift */,
			);
			path = Views;
			sourceTree = "<group>";
		};
		B18EB6D1269834CC006C2B3A /* Components */ = {
			isa = PBXGroup;
			children = (
				B18EB6D22698350A006C2B3A /* FullwidthButton.swift */,
			);
			path = Components;
			sourceTree = "<group>";
		};
/* End PBXGroup section */

/* Begin PBXNativeTarget section */
		B1728EE22696297200C0E8D2 /* FireChat */ = {
			isa = PBXNativeTarget;
			buildConfigurationList = B1728EF22696297300C0E8D2 /* Build configuration list for PBXNativeTarget "FireChat" */;
			buildPhases = (
				9F956EA5DDE2DF803F0C9513 /* [CP] Check Pods Manifest.lock */,
				B1728EDF2696297200C0E8D2 /* Sources */,
				B1728EE02696297200C0E8D2 /* Frameworks */,
				B1728EE12696297200C0E8D2 /* Resources */,
				BBFC49D1DA152AB7A5ED4ABF /* [CP] Embed Pods Frameworks */,
			);
			buildRules = (
			);
			dependencies = (
			);
			name = FireChat;
			productName = FireChat;
			productReference = B1728EE32696297200C0E8D2 /* FireChat.app */;
			productType = "com.apple.product-type.application";
		};
/* End PBXNativeTarget section */

/* Begin PBXProject section */
		B1728EDB2696297200C0E8D2 /* Project object */ = {
			isa = PBXProject;
			attributes = {
				LastSwiftUpdateCheck = 1250;
				LastUpgradeCheck = 1250;
				TargetAttributes = {
					B1728EE22696297200C0E8D2 = {
						CreatedOnToolsVersion = 12.5.1;
					};
				};
			};
			buildConfigurationList = B1728EDE2696297200C0E8D2 /* Build configuration list for PBXProject "FireChat" */;
			compatibilityVersion = "Xcode 9.3";
			developmentRegion = en;
			hasScannedForEncodings = 0;
			knownRegions = (
				en,
				Base,
			);
			mainGroup = B1728EDA2696297200C0E8D2;
			productRefGroup = B1728EE42696297200C0E8D2 /* Products */;
			projectDirPath = "";
			projectRoot = "";
			targets = (
				B1728EE22696297200C0E8D2 /* FireChat */,
			);
		};
/* End PBXProject section */

/* Begin PBXResourcesBuildPhase section */
		B1728EE12696297200C0E8D2 /* Resources */ = {
			isa = PBXResourcesBuildPhase;
			buildActionMask = 2147483647;
			files = (
				B1728EEE2696297300C0E8D2 /* Preview Assets.xcassets in Resources */,
				B1728EEB2696297300C0E8D2 /* Assets.xcassets in Resources */,
				B1728EF6269629D000C0E8D2 /* GoogleService-Info.plist in Resources */,
			);
			runOnlyForDeploymentPostprocessing = 0;
		};
/* End PBXResourcesBuildPhase section */

/* Begin PBXShellScriptBuildPhase section */
		9F956EA5DDE2DF803F0C9513 /* [CP] Check Pods Manifest.lock */ = {
			isa = PBXShellScriptBuildPhase;
			buildActionMask = 2147483647;
			files = (
			);
			inputFileListPaths = (
			);
			inputPaths = (
				"${PODS_PODFILE_DIR_PATH}/Podfile.lock",
				"${PODS_ROOT}/Manifest.lock",
			);
			name = "[CP] Check Pods Manifest.lock";
			outputFileListPaths = (
			);
			outputPaths = (
				"$(DERIVED_FILE_DIR)/Pods-FireChat-checkManifestLockResult.txt",
			);
			runOnlyForDeploymentPostprocessing = 0;
			shellPath = /bin/sh;
			shellScript = "diff \"${PODS_PODFILE_DIR_PATH}/Podfile.lock\" \"${PODS_ROOT}/Manifest.lock\" > /dev/null\nif [ $? != 0 ] ; then\n    # print error to STDERR\n    echo \"error: The sandbox is not in sync with the Podfile.lock. Run 'pod install' or update your CocoaPods installation.\" >&2\n    exit 1\nfi\n# This output is used by Xcode 'outputs' to avoid re-running this script phase.\necho \"SUCCESS\" > \"${SCRIPT_OUTPUT_FILE_0}\"\n";
			showEnvVarsInLog = 0;
		};
		BBFC49D1DA152AB7A5ED4ABF /* [CP] Embed Pods Frameworks */ = {
			isa = PBXShellScriptBuildPhase;
			buildActionMask = 2147483647;
			files = (
			);
			inputFileListPaths = (
				"${PODS_ROOT}/Target Support Files/Pods-FireChat/Pods-FireChat-frameworks-${CONFIGURATION}-input-files.xcfilelist",
			);
			name = "[CP] Embed Pods Frameworks";
			outputFileListPaths = (
				"${PODS_ROOT}/Target Support Files/Pods-FireChat/Pods-FireChat-frameworks-${CONFIGURATION}-output-files.xcfilelist",
			);
			runOnlyForDeploymentPostprocessing = 0;
			shellPath = /bin/sh;
			shellScript = "\"${PODS_ROOT}/Target Support Files/Pods-FireChat/Pods-FireChat-frameworks.sh\"\n";
			showEnvVarsInLog = 0;
		};
/* End PBXShellScriptBuildPhase section */

/* Begin PBXSourcesBuildPhase section */
		B1728EDF2696297200C0E8D2 /* Sources */ = {
			isa = PBXSourcesBuildPhase;
			buildActionMask = 2147483647;
			files = (
				B1728EE92696297200C0E8D2 /* ContentView.swift in Sources */,
				B1728EE72696297200C0E8D2 /* FireChatApp.swift in Sources */,
				B18EB6C926974206006C2B3A /* MessagesViewModel.swift in Sources */,
				B18EB6CE26983454006C2B3A /* Login.swift in Sources */,
				B18EB6C52697417D006C2B3A /* SessionStore.swift in Sources */,
				B18EB6D726983D5C006C2B3A /* Join.swift in Sources */,
				B18EB6D5269835D8006C2B3A /* ChatList.swift in Sources */,
				B18EB6D926983DAD006C2B3A /* Messages.swift in Sources */,
				B18EB6C7269741D8006C2B3A /* ChatroomsViewModel.swift in Sources */,
				B18EB6D32698350A006C2B3A /* FullwidthButton.swift in Sources */,
			);
			runOnlyForDeploymentPostprocessing = 0;
		};
/* End PBXSourcesBuildPhase section */

/* Begin XCBuildConfiguration section */
		B1728EF02696297300C0E8D2 /* Debug */ = {
			isa = XCBuildConfiguration;
			buildSettings = {
				ALWAYS_SEARCH_USER_PATHS = NO;
				CLANG_ANALYZER_NONNULL = YES;
				CLANG_ANALYZER_NUMBER_OBJECT_CONVERSION = YES_AGGRESSIVE;
				CLANG_CXX_LANGUAGE_STANDARD = "gnu++14";
				CLANG_CXX_LIBRARY = "libc++";
				CLANG_ENABLE_MODULES = YES;
				CLANG_ENABLE_OBJC_ARC = YES;
				CLANG_ENABLE_OBJC_WEAK = YES;
				CLANG_WARN_BLOCK_CAPTURE_AUTORELEASING = YES;
				CLANG_WARN_BOOL_CONVERSION = YES;
				CLANG_WARN_COMMA = YES;
				CLANG_WARN_CONSTANT_CONVERSION = YES;
				CLANG_WARN_DEPRECATED_OBJC_IMPLEMENTATIONS = YES;
				CLANG_WARN_DIRECT_OBJC_ISA_USAGE = YES_ERROR;
				CLANG_WARN_DOCUMENTATION_COMMENTS = YES;
				CLANG_WARN_EMPTY_BODY = YES;
				CLANG_WARN_ENUM_CONVERSION = YES;
				CLANG_WARN_INFINITE_RECURSION = YES;
				CLANG_WARN_INT_CONVERSION = YES;
				CLANG_WARN_NON_LITERAL_NULL_CONVERSION = YES;
				CLANG_WARN_OBJC_IMPLICIT_RETAIN_SELF = YES;
				CLANG_WARN_OBJC_LITERAL_CONVERSION = YES;
				CLANG_WARN_OBJC_ROOT_CLASS = YES_ERROR;
				CLANG_WARN_QUOTED_INCLUDE_IN_FRAMEWORK_HEADER = YES;
				CLANG_WARN_RANGE_LOOP_ANALYSIS = YES;
				CLANG_WARN_STRICT_PROTOTYPES = YES;
				CLANG_WARN_SUSPICIOUS_MOVE = YES;
				CLANG_WARN_UNGUARDED_AVAILABILITY = YES_AGGRESSIVE;
				CLANG_WARN_UNREACHABLE_CODE = YES;
				CLANG_WARN__DUPLICATE_METHOD_MATCH = YES;
				COPY_PHASE_STRIP = NO;
				DEBUG_INFORMATION_FORMAT = dwarf;
				ENABLE_STRICT_OBJC_MSGSEND = YES;
				ENABLE_TESTABILITY = YES;
				GCC_C_LANGUAGE_STANDARD = gnu11;
				GCC_DYNAMIC_NO_PIC = NO;
				GCC_NO_COMMON_BLOCKS = YES;
				GCC_OPTIMIZATION_LEVEL = 0;
				GCC_PREPROCESSOR_DEFINITIONS = (
					"DEBUG=1",
					"$(inherited)",
				);
				GCC_WARN_64_TO_32_BIT_CONVERSION = YES;
				GCC_WARN_ABOUT_RETURN_TYPE = YES_ERROR;
				GCC_WARN_UNDECLARED_SELECTOR = YES;
				GCC_WARN_UNINITIALIZED_AUTOS = YES_AGGRESSIVE;
				GCC_WARN_UNUSED_FUNCTION = YES;
				GCC_WARN_UNUSED_VARIABLE = YES;
				IPHONEOS_DEPLOYMENT_TARGET = 14.5;
				MTL_ENABLE_DEBUG_INFO = INCLUDE_SOURCE;
				MTL_FAST_MATH = YES;
				ONLY_ACTIVE_ARCH = YES;
				SDKROOT = iphoneos;
				SWIFT_ACTIVE_COMPILATION_CONDITIONS = DEBUG;
				SWIFT_OPTIMIZATION_LEVEL = "-Onone";
			};
			name = Debug;
		};
		B1728EF12696297300C0E8D2 /* Release */ = {
			isa = XCBuildConfiguration;
			buildSettings = {
				ALWAYS_SEARCH_USER_PATHS = NO;
				CLANG_ANALYZER_NONNULL = YES;
				CLANG_ANALYZER_NUMBER_OBJECT_CONVERSION = YES_AGGRESSIVE;
				CLANG_CXX_LANGUAGE_STANDARD = "gnu++14";
				CLANG_CXX_LIBRARY = "libc++";
				CLANG_ENABLE_MODULES = YES;
				CLANG_ENABLE_OBJC_ARC = YES;
				CLANG_ENABLE_OBJC_WEAK = YES;
				CLANG_WARN_BLOCK_CAPTURE_AUTORELEASING = YES;
				CLANG_WARN_BOOL_CONVERSION = YES;
				CLANG_WARN_COMMA = YES;
				CLANG_WARN_CONSTANT_CONVERSION = YES;
				CLANG_WARN_DEPRECATED_OBJC_IMPLEMENTATIONS = YES;
				CLANG_WARN_DIRECT_OBJC_ISA_USAGE = YES_ERROR;
				CLANG_WARN_DOCUMENTATION_COMMENTS = YES;
				CLANG_WARN_EMPTY_BODY = YES;
				CLANG_WARN_ENUM_CONVERSION = YES;
				CLANG_WARN_INFINITE_RECURSION = YES;
				CLANG_WARN_INT_CONVERSION = YES;
				CLANG_WARN_NON_LITERAL_NULL_CONVERSION = YES;
				CLANG_WARN_OBJC_IMPLICIT_RETAIN_SELF = YES;
				CLANG_WARN_OBJC_LITERAL_CONVERSION = YES;
				CLANG_WARN_OBJC_ROOT_CLASS = YES_ERROR;
				CLANG_WARN_QUOTED_INCLUDE_IN_FRAMEWORK_HEADER = YES;
				CLANG_WARN_RANGE_LOOP_ANALYSIS = YES;
				CLANG_WARN_STRICT_PROTOTYPES = YES;
				CLANG_WARN_SUSPICIOUS_MOVE = YES;
				CLANG_WARN_UNGUARDED_AVAILABILITY = YES_AGGRESSIVE;
				CLANG_WARN_UNREACHABLE_CODE = YES;
				CLANG_WARN__DUPLICATE_METHOD_MATCH = YES;
				COPY_PHASE_STRIP = NO;
				DEBUG_INFORMATION_FORMAT = "dwarf-with-dsym";
				ENABLE_NS_ASSERTIONS = NO;
				ENABLE_STRICT_OBJC_MSGSEND = YES;
				GCC_C_LANGUAGE_STANDARD = gnu11;
				GCC_NO_COMMON_BLOCKS = YES;
				GCC_WARN_64_TO_32_BIT_CONVERSION = YES;
				GCC_WARN_ABOUT_RETURN_TYPE = YES_ERROR;
				GCC_WARN_UNDECLARED_SELECTOR = YES;
				GCC_WARN_UNINITIALIZED_AUTOS = YES_AGGRESSIVE;
				GCC_WARN_UNUSED_FUNCTION = YES;
				GCC_WARN_UNUSED_VARIABLE = YES;
				IPHONEOS_DEPLOYMENT_TARGET = 14.5;
				MTL_ENABLE_DEBUG_INFO = NO;
				MTL_FAST_MATH = YES;
				SDKROOT = iphoneos;
				SWIFT_COMPILATION_MODE = wholemodule;
				SWIFT_OPTIMIZATION_LEVEL = "-O";
				VALIDATE_PRODUCT = YES;
			};
			name = Release;
		};
		B1728EF32696297300C0E8D2 /* Debug */ = {
			isa = XCBuildConfiguration;
			baseConfigurationReference = 6492D05B47CC529C391844D1 /* Pods-FireChat.debug.xcconfig */;
			buildSettings = {
				ASSETCATALOG_COMPILER_APPICON_NAME = AppIcon;
				ASSETCATALOG_COMPILER_GLOBAL_ACCENT_COLOR_NAME = AccentColor;
				CODE_SIGN_STYLE = Automatic;
				DEVELOPMENT_ASSET_PATHS = "\"FireChat/Preview Content\"";
				DEVELOPMENT_TEAM = 8YFV276376;
				ENABLE_PREVIEWS = YES;
				INFOPLIST_FILE = FireChat/Info.plist;
				IPHONEOS_DEPLOYMENT_TARGET = 14.0;
				LD_RUNPATH_SEARCH_PATHS = (
					"$(inherited)",
					"@executable_path/Frameworks",
				);
				PRODUCT_BUNDLE_IDENTIFIER = com.kushagrasharma.FireChat;
				PRODUCT_NAME = "$(TARGET_NAME)";
				SWIFT_VERSION = 5.0;
				TARGETED_DEVICE_FAMILY = "1,2";
			};
			name = Debug;
		};
		B1728EF42696297300C0E8D2 /* Release */ = {
			isa = XCBuildConfiguration;
			baseConfigurationReference = 3895D1EC9F30883BCB308192 /* Pods-FireChat.release.xcconfig */;
			buildSettings = {
				ASSETCATALOG_COMPILER_APPICON_NAME = AppIcon;
				ASSETCATALOG_COMPILER_GLOBAL_ACCENT_COLOR_NAME = AccentColor;
				CODE_SIGN_STYLE = Automatic;
				DEVELOPMENT_ASSET_PATHS = "\"FireChat/Preview Content\"";
				DEVELOPMENT_TEAM = 8YFV276376;
				ENABLE_PREVIEWS = YES;
				INFOPLIST_FILE = FireChat/Info.plist;
				IPHONEOS_DEPLOYMENT_TARGET = 14.0;
				LD_RUNPATH_SEARCH_PATHS = (
					"$(inherited)",
					"@executable_path/Frameworks",
				);
				PRODUCT_BUNDLE_IDENTIFIER = com.kushagrasharma.FireChat;
				PRODUCT_NAME = "$(TARGET_NAME)";
				SWIFT_VERSION = 5.0;
				TARGETED_DEVICE_FAMILY = "1,2";
			};
			name = Release;
		};
/* End XCBuildConfiguration section */

/* Begin XCConfigurationList section */
		B1728EDE2696297200C0E8D2 /* Build configuration list for PBXProject "FireChat" */ = {
			isa = XCConfigurationList;
			buildConfigurations = (
				B1728EF02696297300C0E8D2 /* Debug */,
				B1728EF12696297300C0E8D2 /* Release */,
			);
			defaultConfigurationIsVisible = 0;
			defaultConfigurationName = Release;
		};
		B1728EF22696297300C0E8D2 /* Build configuration list for PBXNativeTarget "FireChat" */ = {
			isa = XCConfigurationList;
			buildConfigurations = (
				B1728EF32696297300C0E8D2 /* Debug */,
				B1728EF42696297300C0E8D2 /* Release */,
			);
			defaultConfigurationIsVisible = 0;
			defaultConfigurationName = Release;
		};
/* End XCConfigurationList section */
	};
	rootObject = B1728EDB2696297200C0E8D2 /* Project object */;
}
